lockfileVersion: '9.0'

settings:
  autoInstallPeers: true
  excludeLinksFromLockfile: false

importers:

  .:
    dependencies:
      '@inquirer/prompts':
        specifier: ^7.3.2
        version: 7.3.2(@types/node@22.13.4)
      '@types/node':
        specifier: ^22.13.1
        version: 22.13.4
      bit-buffer:
        specifier: ^0.2.5
        version: 0.2.5
      rxjs:
        specifier: ^7.8.1
        version: 7.8.1
      socketcan:
        specifier: ^4.0.5
        version: 4.0.5
      ts-creator:
        specifier: ^1.2.5
        version: 1.2.5
      typescript:
        specifier: ^5.7.3
        version: 5.7.3

packages:

  '@inquirer/checkbox@4.1.2':
    resolution: {integrity: sha512-PL9ixC5YsPXzXhAZFUPmkXGxfgjkdfZdPEPPmt4kFwQ4LBMDG9n/nHXYRGGZSKZJs+d1sGKWgS2GiPzVRKUdtQ==}
    engines: {node: '>=18'}
    peerDependencies:
      '@types/node': '>=18'
    peerDependenciesMeta:
      '@types/node':
        optional: true

  '@inquirer/confirm@5.1.6':
    resolution: {integrity: sha512-6ZXYK3M1XmaVBZX6FCfChgtponnL0R6I7k8Nu+kaoNkT828FVZTcca1MqmWQipaW2oNREQl5AaPCUOOCVNdRMw==}
    engines: {node: '>=18'}
    peerDependencies:
      '@types/node': '>=18'
    peerDependenciesMeta:
      '@types/node':
        optional: true

  '@inquirer/core@10.1.7':
    resolution: {integrity: sha512-AA9CQhlrt6ZgiSy6qoAigiA1izOa751ugX6ioSjqgJ+/Gd+tEN/TORk5sUYNjXuHWfW0r1n/a6ak4u/NqHHrtA==}
    engines: {node: '>=18'}
    peerDependencies:
      '@types/node': '>=18'
    peerDependenciesMeta:
      '@types/node':
        optional: true

  '@inquirer/editor@4.2.7':
    resolution: {integrity: sha512-gktCSQtnSZHaBytkJKMKEuswSk2cDBuXX5rxGFv306mwHfBPjg5UAldw9zWGoEyvA9KpRDkeM4jfrx0rXn0GyA==}
    engines: {node: '>=18'}
    peerDependencies:
      '@types/node': '>=18'
    peerDependenciesMeta:
      '@types/node':
        optional: true

  '@inquirer/expand@4.0.9':
    resolution: {integrity: sha512-Xxt6nhomWTAmuSX61kVgglLjMEFGa+7+F6UUtdEUeg7fg4r9vaFttUUKrtkViYYrQBA5Ia1tkOJj2koP9BuLig==}
    engines: {node: '>=18'}
    peerDependencies:
      '@types/node': '>=18'
    peerDependenciesMeta:
      '@types/node':
        optional: true

  '@inquirer/figures@1.0.10':
    resolution: {integrity: sha512-Ey6176gZmeqZuY/W/nZiUyvmb1/qInjcpiZjXWi6nON+nxJpD1bxtSoBxNliGISae32n6OwbY+TSXPZ1CfS4bw==}
    engines: {node: '>=18'}

  '@inquirer/input@4.1.6':
    resolution: {integrity: sha512-1f5AIsZuVjPT4ecA8AwaxDFNHny/tSershP/cTvTDxLdiIGTeILNcKozB0LaYt6mojJLUbOYhpIxicaYf7UKIQ==}
    engines: {node: '>=18'}
    peerDependencies:
      '@types/node': '>=18'
    peerDependenciesMeta:
      '@types/node':
        optional: true

  '@inquirer/number@3.0.9':
    resolution: {integrity: sha512-iN2xZvH3tyIYXLXBvlVh0npk1q/aVuKXZo5hj+K3W3D4ngAEq/DkLpofRzx6oebTUhBvOgryZ+rMV0yImKnG3w==}
    engines: {node: '>=18'}
    peerDependencies:
      '@types/node': '>=18'
    peerDependenciesMeta:
      '@types/node':
        optional: true

  '@inquirer/password@4.0.9':
    resolution: {integrity: sha512-xBEoOw1XKb0rIN208YU7wM7oJEHhIYkfG7LpTJAEW913GZeaoQerzf5U/LSHI45EVvjAdgNXmXgH51cUXKZcJQ==}
    engines: {node: '>=18'}
    peerDependencies:
      '@types/node': '>=18'
    peerDependenciesMeta:
      '@types/node':
        optional: true

  '@inquirer/prompts@7.3.2':
    resolution: {integrity: sha512-G1ytyOoHh5BphmEBxSwALin3n1KGNYB6yImbICcRQdzXfOGbuJ9Jske/Of5Sebk339NSGGNfUshnzK8YWkTPsQ==}
    engines: {node: '>=18'}
    peerDependencies:
      '@types/node': '>=18'
    peerDependenciesMeta:
      '@types/node':
        optional: true

  '@inquirer/rawlist@4.0.9':
    resolution: {integrity: sha512-+5t6ebehKqgoxV8fXwE49HkSF2Rc9ijNiVGEQZwvbMI61/Q5RcD+jWD6Gs1tKdz5lkI8GRBL31iO0HjGK1bv+A==}
    engines: {node: '>=18'}
    peerDependencies:
      '@types/node': '>=18'
    peerDependenciesMeta:
      '@types/node':
        optional: true

  '@inquirer/search@3.0.9':
    resolution: {integrity: sha512-DWmKztkYo9CvldGBaRMr0ETUHgR86zE6sPDVOHsqz4ISe9o1LuiWfgJk+2r75acFclA93J/lqzhT0dTjCzHuoA==}
    engines: {node: '>=18'}
    peerDependencies:
      '@types/node': '>=18'
    peerDependenciesMeta:
      '@types/node':
        optional: true

  '@inquirer/select@4.0.9':
    resolution: {integrity: sha512-BpJyJe7Dkhv2kz7yG7bPSbJLQuu/rqyNlF1CfiiFeFwouegfH+zh13KDyt6+d9DwucKo7hqM3wKLLyJxZMO+Xg==}
    engines: {node: '>=18'}
    peerDependencies:
      '@types/node': '>=18'
    peerDependenciesMeta:
      '@types/node':
        optional: true

  '@inquirer/type@3.0.4':
    resolution: {integrity: sha512-2MNFrDY8jkFYc9Il9DgLsHhMzuHnOYM1+CUYVWbzu9oT0hC7V7EcYvdCKeoll/Fcci04A+ERZ9wcc7cQ8lTkIA==}
    engines: {node: '>=18'}
    peerDependencies:
      '@types/node': '>=18'
    peerDependenciesMeta:
      '@types/node':
        optional: true

  '@isaacs/cliui@8.0.2':
    resolution: {integrity: sha512-O8jcjabXaleOG9DQ0+ARXWZBTfnP4WNAqzuiJK7ll44AmxGKv/J2M4TPjxjY3znBCfvBXFzucm1twdyFybFqEA==}
    engines: {node: '>=12'}

  '@isaacs/fs-minipass@4.0.1':
    resolution: {integrity: sha512-wgm9Ehl2jpeqP3zw/7mo3kRHFp5MEDhqAdwy1fTGkHAwnkGOVsgpvQhL8B5n1qlb01jV3n/bI0ZfZp5lWA1k4w==}
    engines: {node: '>=18.0.0'}

  '@npmcli/agent@3.0.0':
    resolution: {integrity: sha512-S79NdEgDQd/NGCay6TCoVzXSj74skRZIKJcpJjC5lOq34SZzyI6MqtiiWoiVWoVrTcGjNeC4ipbh1VIHlpfF5Q==}
    engines: {node: ^18.17.0 || >=20.5.0}

  '@npmcli/fs@4.0.0':
    resolution: {integrity: sha512-/xGlezI6xfGO9NwuJlnwz/K14qD1kCSAGtacBHnGzeAIuJGazcp45KP5NuyARXoKb7cwulAGWVsbeSxdG/cb0Q==}
    engines: {node: ^18.17.0 || >=20.5.0}

  '@pkgjs/parseargs@0.11.0':
    resolution: {integrity: sha512-+1VkjdD0QBLPodGrJUeqarH8VAIvQODIbwh9XpP5Syisf7YoQgsJKPNFoqqLQlu+VQ/tVSshMR6loPMn8U+dPg==}
    engines: {node: '>=14'}

  '@types/node@22.13.4':
    resolution: {integrity: sha512-ywP2X0DYtX3y08eFVx5fNIw7/uIv8hYUKgXoK8oayJlLnKcRfEYCxWMVE1XagUdVtCJlZT1AU4LXEABW+L1Peg==}

  abbrev@3.0.0:
    resolution: {integrity: sha512-+/kfrslGQ7TNV2ecmQwMJj/B65g5KVq1/L3SGVZ3tCYGqlzFuFCGBZJtMP99wH3NpEUyAjn0zPdPUg0D+DwrOA==}
    engines: {node: ^18.17.0 || >=20.5.0}

  agent-base@7.1.3:
    resolution: {integrity: sha512-jRR5wdylq8CkOe6hei19GGZnxM6rBGwFl3Bg0YItGDimvjGtAvdZk4Pu6Cl4u4Igsws4a1fd1Vq3ezrhn4KmFw==}
    engines: {node: '>= 14'}

  ansi-escapes@4.3.2:
    resolution: {integrity: sha512-gKXj5ALrKWQLsYG9jlTRmR/xKluxHV+Z9QEwNIgCfM1/uwPMCuzVVnh5mwTd+OuBZcwSIMbqssNWRm1lE51QaQ==}
    engines: {node: '>=8'}

  ansi-regex@2.1.1:
    resolution: {integrity: sha512-TIGnTpdo+E3+pCyAluZvtED5p5wCqLdezCyhPZzKPcxvFplEt4i+W7OONCKgeZFT3+y5NZZfOOS/Bdcanm1MYA==}
    engines: {node: '>=0.10.0'}

  ansi-regex@3.0.1:
    resolution: {integrity: sha512-+O9Jct8wf++lXxxFc4hc8LsjaSq0HFzzL7cVsw8pRDIPdjKD2mT4ytDZlLuSBZ4cLKZFXIrMGO7DbQCtMJJMKw==}
    engines: {node: '>=4'}

  ansi-regex@5.0.1:
    resolution: {integrity: sha512-quJQXlTSUGL2LH9SUXo8VwsY4soanhgo6LNSm84E1LBcE8s3O0wpdiRzyR9z/ZZJMlMWv37qOOb9pdJlMUEKFQ==}
    engines: {node: '>=8'}

  ansi-regex@6.1.0:
    resolution: {integrity: sha512-7HSX4QQb4CspciLpVFwyRe79O3xsIZDDLER21kERQ71oaPodF8jL725AgJMFAYbooIqolJoRLuM81SpeUkpkvA==}
    engines: {node: '>=12'}

  ansi-styles@4.3.0:
    resolution: {integrity: sha512-zbB9rCJAT1rbjiVDb2hqKFHNYLxgtk8NURxZ3IZwD3F6NtxbXZQCnnSi1Lkx+IDohdPlFp222wVALIheZJQSEg==}
    engines: {node: '>=8'}

  ansi-styles@6.2.1:
    resolution: {integrity: sha512-bN798gFfQX+viw3R7yrGWRqnrN2oRkEkUjjl4JNn4E8GxxbjtG3FbrEIIY3l8/hrwUwIeCZvi4QuOTP4MErVug==}
    engines: {node: '>=12'}

  ansicolors@0.3.2:
    resolution: {integrity: sha512-QXu7BPrP29VllRxH8GwB7x5iX5qWKAAMLqKQGWTeLWVlNHNOpVMJ91dsxQAIWXpjuW5wqvxu3Jd/nRjrJ+0pqg==}

  balanced-match@1.0.2:
    resolution: {integrity: sha512-3oSeUO0TMV67hN1AmbXsK4yaqU7tjiHlbxRDZOpH0KW9+CeX4bRAaX0Anxt0tx2MrpRpWwQaPwIlISEJhYU5Pw==}

  bit-buffer@0.2.5:
    resolution: {integrity: sha512-x1yGnmXvFg6e3DiyRztElbcn1bsCTFSoM/ncAzY62uE0JdTl5xlKJd0ooqLYoPbhdsnpehSIQrdIvclcZJYwiA==}

  brace-expansion@2.0.1:
    resolution: {integrity: sha512-XnAIvQ8eM+kC6aULx6wuQiwVsnzsi9d3WxzV3FpWTGA19F621kwdbsAcFKXgKUHZWsy+mY6iL1sHTxWEFCytDA==}

  cacache@19.0.1:
    resolution: {integrity: sha512-hdsUxulXCi5STId78vRVYEtDAjq99ICAUktLTeTYsLoTE6Z8dS0c8pWNCxwdrk9YfJeobDZc2Y186hD/5ZQgFQ==}
    engines: {node: ^18.17.0 || >=20.5.0}

  camelcase@5.3.1:
    resolution: {integrity: sha512-L28STB170nwWS63UjtlEOE3dldQApaJXZkOI1uMFfzf3rRuPegHaHesyee+YxQ+W6SvRDQV6UrdOdRiR153wJg==}
    engines: {node: '>=6'}

  cardinal@2.1.1:
    resolution: {integrity: sha512-JSr5eOgoEymtYHBjNWyjrMqet9Am2miJhlfKNdqLp6zoeAh0KN5dRAcxlecj5mAJrmQomgiOBj35xHLrFjqBpw==}
    hasBin: true

  chardet@0.7.0:
    resolution: {integrity: sha512-mT8iDcrh03qDGRRmoA2hmBJnxpllMR+0/0qlzjqZES6NdiWDcZkCNAk4rPFZ9Q85r27unkiNNg8ZOiwZXBHwcA==}

  chownr@3.0.0:
    resolution: {integrity: sha512-+IxzY9BZOQd/XuYPRmrvEVjF/nqj5kgT4kEq7VofrDoM1MxoRjEWkrCC3EtLi59TVawxTAn+orJwFQcrqEN1+g==}
    engines: {node: '>=18'}

  cli-width@4.1.0:
    resolution: {integrity: sha512-ouuZd4/dm2Sw5Gmqy6bGyNNNe1qt9RpmxveLSO7KcgsTnU7RXfsw+/bukWGo1abgBiMAic068rclZsO4IWmmxQ==}
    engines: {node: '>= 12'}

  cliui@4.1.0:
    resolution: {integrity: sha512-4FG+RSG9DL7uEwRUZXZn3SS34DiDPfzP0VOiEwtUWlE+AR2EIg+hSyvrIgUUfhdgR/UkAeW2QHgeP+hWrXs7jQ==}

  code-point-at@1.1.0:
    resolution: {integrity: sha512-RpAVKQA5T63xEj6/giIbUEtZwJ4UFIc3ZtvEkiaUERylqe8xb5IvqcgOurZLahv93CLKfxcw5YI+DZcUBRyLXA==}
    engines: {node: '>=0.10.0'}

  color-convert@2.0.1:
    resolution: {integrity: sha512-RRECPsj7iu/xb5oKYcsFHSppFNnsj/52OVTRKb4zP5onXwVF3zVmmToNcOfGC+CRDpfK/U584fMg38ZHCaElKQ==}
    engines: {node: '>=7.0.0'}

  color-name@1.1.4:
    resolution: {integrity: sha512-dOy+3AuW3a2wNbZHIuMZpTcgjGuLU/uBL/ubcZF9OXbDo8ff4O8yVp5Bf0efS8uEoYo5q4Fx7dY9OgQGXgAsQA==}

  cross-spawn@6.0.6:
    resolution: {integrity: sha512-VqCUuhcd1iB+dsv8gxPttb5iZh/D0iubSP21g36KXdEuf6I5JiioesUVjpCdHV9MZRUfVFlvwtIUyPfxo5trtw==}
    engines: {node: '>=4.8'}

  cross-spawn@7.0.6:
    resolution: {integrity: sha512-uV2QOWP2nWzsy2aMp8aRibhi9dlzF5Hgh5SHaB9OiTGEyDTiJJyx0uy51QXdyWbtAHNua4XJzUKca3OzKUd3vA==}
    engines: {node: '>= 8'}

  debug@4.4.0:
    resolution: {integrity: sha512-6WTZ/IxCY/T6BALoZHaE4ctp9xm+Z5kY/pzYaCHRFeyVhojxlrm+46y68HA6hr0TcwEssoxNiDEUJQjfPZ/RYA==}
    engines: {node: '>=6.0'}
    peerDependencies:
      supports-color: '*'
    peerDependenciesMeta:
      supports-color:
        optional: true

  decamelize@1.2.0:
    resolution: {integrity: sha512-z2S+W9X73hAUUki+N+9Za2lBlun89zigOyGrsax+KUQ6wKW4ZoWpEYBkGhQjwAjjDCkWxhY0VKEhk8wzY7F5cA==}
    engines: {node: '>=0.10.0'}

  eastasianwidth@0.2.0:
    resolution: {integrity: sha512-I88TYZWc9XiYHRQ4/3c5rjjfgkjhLyW2luGIheGERbNQ6OY7yTybanSpDXZa8y7VUP9YmDcYa+eyq4ca7iLqWA==}

  emoji-regex@8.0.0:
    resolution: {integrity: sha512-MSjYzcWNOA0ewAHpz0MxpYFvwg6yjy1NG3xteoqz644VCo/RPgnr1/GGt+ic3iJTzQ8Eu3TdM14SawnVUmGE6A==}

  emoji-regex@9.2.2:
    resolution: {integrity: sha512-L18DaJsXSUk2+42pv8mLs5jJT2hqFkFE4j21wOmgbUqsZ2hL72NsUU785g9RXgo3s0ZNgVl42TiHp3ZtOv/Vyg==}

  encoding@0.1.13:
    resolution: {integrity: sha512-ETBauow1T35Y/WZMkio9jiM0Z5xjHHmJ4XmjZOq1l/dXz3lr2sRn87nJy20RupqSh1F2m3HHPSp8ShIPQJrJ3A==}

  end-of-stream@1.4.4:
    resolution: {integrity: sha512-+uw1inIHVPQoaVuHzRyXd21icM+cnt4CzD5rW+NC1wjOUSTOs+Te7FOv7AhN7vS9x/oIyhLP5PR1H+phQAHu5Q==}

  env-paths@2.2.1:
    resolution: {integrity: sha512-+h1lkLKhZMTYjog1VEpJNG7NZJWcuc2DDk/qsqSTRRCOXiLjeQ1d1/udrUGhqMxUgAlwKNZ0cf2uqan5GLuS2A==}
    engines: {node: '>=6'}

  err-code@2.0.3:
    resolution: {integrity: sha512-2bmlRpNKBxT/CRmPOlyISQpNj+qSeYvcym/uT0Jx2bMOlKLtSy1ZmLuVxSEKKyor/N5yhvp/ZiG1oE3DEYMSFA==}

  esprima@4.0.1:
    resolution: {integrity: sha512-eGuFFw7Upda+g4p+QHvnW0RyTX/SVeJBDM/gCtMARO0cLuT2HcEKnTPvhjV6aGeqrCB/sbNop0Kszm0jsaWU4A==}
    engines: {node: '>=4'}
    hasBin: true

  execa@1.0.0:
    resolution: {integrity: sha512-adbxcyWV46qiHyvSp50TKt05tB4tK3HcmF7/nxfAdhnox83seTDbwnaqKO4sXRy7roHAIFqJP/Rw/AuEbX61LA==}
    engines: {node: '>=6'}

  exponential-backoff@3.1.2:
    resolution: {integrity: sha512-8QxYTVXUkuy7fIIoitQkPwGonB8F3Zj8eEO8Sqg9Zv/bkI7RJAzowee4gr81Hak/dUTpA2Z7VfQgoijjPNlUZA==}

  external-editor@3.1.0:
    resolution: {integrity: sha512-hMQ4CX1p1izmuLYyZqLMO/qGNw10wSv9QDCPfzXfyFrOaCSSoRfqE1Kf1s5an66J5JZC62NewG+mK49jOCtQew==}
    engines: {node: '>=4'}

  find-up@3.0.0:
    resolution: {integrity: sha512-1yD6RmLI1XBfxugvORwlck6f75tYL+iR0jqwsOrOxMZyGYqUuDhJ0l4AXdO1iX/FTs9cBAMEk1gWSEx1kSbylg==}
    engines: {node: '>=6'}

  foreground-child@3.3.0:
    resolution: {integrity: sha512-Ld2g8rrAyMYFXBhEqMz8ZAHBi4J4uS1i/CxGMDnjyFWddMXLVcDp051DZfu+t7+ab7Wv6SMqpWmyFIj5UbfFvg==}
    engines: {node: '>=14'}

  fs-minipass@3.0.3:
    resolution: {integrity: sha512-XUBA9XClHbnJWSfBzjkm6RvPsyg3sryZt06BEQoXcF7EK/xpGaQYJgQKDJSUH5SGZ76Y7pFx1QBnXz09rU5Fbw==}
    engines: {node: ^14.17.0 || ^16.13.0 || >=18.0.0}

  get-caller-file@1.0.3:
    resolution: {integrity: sha512-3t6rVToeoZfYSGd8YoLFR2DJkiQrIiUrGcjvFX2mDw3bn6k2OtwHN0TNCLbBO+w8qTvimhDkv+LSscbJY1vE6w==}

  get-stdin@6.0.0:
    resolution: {integrity: sha512-jp4tHawyV7+fkkSKyvjuLZswblUtz+SQKzSWnBbii16BuZksJlU1wuBYXY75r+duh/llF1ur6oNwi+2ZzjKZ7g==}
    engines: {node: '>=4'}

  get-stream@4.1.0:
    resolution: {integrity: sha512-GMat4EJ5161kIy2HevLlr4luNjBgvmj413KaQA7jt4V8B4RDsfpHk7WQ9GVqfYyyx8OS/L66Kox+rJRNklLK7w==}
    engines: {node: '>=6'}

  glob@10.4.5:
    resolution: {integrity: sha512-7Bv8RF0k6xjo7d4A/PxYLbUCfb6c+Vpd2/mB2yRDlew7Jb5hEXiCD9ibfO7wpk8i4sevK6DFny9h7EYbM3/sHg==}
    hasBin: true

  graceful-fs@4.2.11:
    resolution: {integrity: sha512-RbJ5/jmFcNNCcDV5o9eTnBLJ/HszWV0P73bc+Ff4nS/rJj+YaS6IGyiOL0VoBYX+l1Wrl3k63h/KrH+nhJ0XvQ==}

  http-cache-semantics@4.1.1:
    resolution: {integrity: sha512-er295DKPVsV82j5kw1Gjt+ADA/XYHsajl82cGNQG2eyoPkvgUhX+nDIyelzhIWbbsXP39EHcI6l5tYs2FYqYXQ==}

  http-proxy-agent@7.0.2:
    resolution: {integrity: sha512-T1gkAiYYDWYx3V5Bmyu7HcfcvL7mUrTWiM6yOfa3PIphViJ/gFPbvidQ+veqSOHci/PxBcDabeUNCzpOODJZig==}
    engines: {node: '>= 14'}

  https-proxy-agent@7.0.6:
    resolution: {integrity: sha512-vK9P5/iUfdl95AI+JVyUuIcVtd4ofvtrOr3HNtM2yxC9bnMbEdp3x01OhQNnjb8IJYi38VlTE3mBXwcfvywuSw==}
    engines: {node: '>= 14'}

  iconv-lite@0.4.24:
    resolution: {integrity: sha512-v3MXnZAcvnywkTUEZomIActle7RXXeedOR31wwl7VlyoXO4Qi9arvSenNQWne1TcRwhCL1HwLI21bEqdpj8/rA==}
    engines: {node: '>=0.10.0'}

  iconv-lite@0.6.3:
    resolution: {integrity: sha512-4fCk79wshMdzMp2rH06qWrJE4iolqLhCUH+OiuIgU++RB0+94NlDL81atO7GX55uUKueo0txHNtvEyI6D7WdMw==}
    engines: {node: '>=0.10.0'}

  imurmurhash@0.1.4:
    resolution: {integrity: sha512-JmXMZ6wuvDmLiHEml9ykzqO6lwFbof0GG4IkcGaENdCRDDmMVnny7s5HsIgHCbaq0w2MyPhDqkhTUgS2LU2PHA==}
    engines: {node: '>=0.8.19'}

  invert-kv@2.0.0:
    resolution: {integrity: sha512-wPVv/y/QQ/Uiirj/vh3oP+1Ww+AWehmi1g5fFWGPF6IpCBCDVrhgHRMvrLfdYcwDh3QJbGXDW4JAuzxElLSqKA==}
    engines: {node: '>=4'}

  ip-address@9.0.5:
    resolution: {integrity: sha512-zHtQzGojZXTwZTHQqra+ETKd4Sn3vgi7uBmlPoXVWZqYvuKmtI0l/VZTjqGmJY9x88GGOaZ9+G9ES8hC4T4X8g==}
    engines: {node: '>= 12'}

  is-fullwidth-code-point@1.0.0:
    resolution: {integrity: sha512-1pqUqRjkhPJ9miNq9SwMfdvi6lBJcd6eFxvfaivQhaH3SgisfiuudvFntdKOmxuee/77l+FPjKrQjWvmPjWrRw==}
    engines: {node: '>=0.10.0'}

  is-fullwidth-code-point@2.0.0:
    resolution: {integrity: sha512-VHskAKYM8RfSFXwee5t5cbN5PZeq1Wrh6qd5bkyiXIf6UQcN6w/A0eXM9r6t8d+GYOh+o6ZhiEnb88LN/Y8m2w==}
    engines: {node: '>=4'}

  is-fullwidth-code-point@3.0.0:
    resolution: {integrity: sha512-zymm5+u+sCsSWyD9qNaejV3DFvhCKclKdizYaJUuHA83RLjb7nSuGnddCHGv0hk+KY7BMAlsWeK4Ueg6EV6XQg==}
    engines: {node: '>=8'}

  is-stream@1.1.0:
    resolution: {integrity: sha512-uQPm8kcs47jx38atAcWTVxyltQYoPT68y9aWYdV6yWXSyW8mzSat0TL6CiWdZeCdF3KrAvpVtnHbTv4RN+rqdQ==}
    engines: {node: '>=0.10.0'}

  isexe@2.0.0:
    resolution: {integrity: sha512-RHxMLp9lnKHGHRng9QFhRCMbYAcVpn69smSGcq3f36xjgVVWThj4qqLbTLlq7Ssj8B+fIQ1EuCEGI2lKsyQeIw==}

  isexe@3.1.1:
    resolution: {integrity: sha512-LpB/54B+/2J5hqQ7imZHfdU31OlgQqx7ZicVlkm9kzg9/w8GKLEcFfJl/t7DCEDueOyBAD6zCCwTO6Fzs0NoEQ==}
    engines: {node: '>=16'}

  jackspeak@3.4.3:
    resolution: {integrity: sha512-OGlZQpz2yfahA/Rd1Y8Cd9SIEsqvXkLVoSw/cgwhnhFMDbsQFeZYoJJ7bIZBS9BcamUW96asq/npPWugM+RQBw==}

  jsbn@1.1.0:
    resolution: {integrity: sha512-4bYVV3aAMtDTTu4+xsDYa6sy9GyJ69/amsu9sYF2zqjiEoZA5xJi3BrfX3uY+/IekIu7MwdObdbDWpoZdBv3/A==}

  lcid@2.0.0:
    resolution: {integrity: sha512-avPEb8P8EGnwXKClwsNUgryVjllcRqtMYa49NTsbQagYuT1DcXnl1915oxWjoyGrXR6zH/Y0Zc96xWsPcoDKeA==}
    engines: {node: '>=6'}

  locate-path@3.0.0:
    resolution: {integrity: sha512-7AO748wWnIhNqAuaty2ZWHkQHRSNfPVIsPIfwEOWO22AmaoVrWavlOcMR5nzTLNYvp36X220/maaRsrec1G65A==}
    engines: {node: '>=6'}

  lru-cache@10.4.3:
    resolution: {integrity: sha512-JNAzZcXrCt42VGLuYz0zfAzDfAvJWW6AfYlDBQyDV5DClI2m5sAmK+OIO7s59XfsRsWHp02jAJrRadPRGTt6SQ==}

  make-fetch-happen@14.0.3:
    resolution: {integrity: sha512-QMjGbFTP0blj97EeidG5hk/QhKQ3T4ICckQGLgz38QF7Vgbk6e6FTARN8KhKxyBbWn8R0HU+bnw8aSoFPD4qtQ==}
    engines: {node: ^18.17.0 || >=20.5.0}

  map-age-cleaner@0.1.3:
    resolution: {integrity: sha512-bJzx6nMoP6PDLPBFmg7+xRKeFZvFboMrGlxmNj9ClvX53KrmvM5bXFXEWjbz4cz1AFn+jWJ9z/DJSz7hrs0w3w==}
    engines: {node: '>=6'}

  mem@4.3.0:
    resolution: {integrity: sha512-qX2bG48pTqYRVmDB37rn/6PT7LcR8T7oAX3bf99u1Tt1nzxYfxkgqDwUwolPlXweM0XzBOBFzSx4kfp7KP1s/w==}
    engines: {node: '>=6'}

  mimic-fn@2.1.0:
    resolution: {integrity: sha512-OqbOk5oEQeAZ8WXWydlu9HJjz9WVdEIvamMCcXmuqUYjTknH/sqsWvhQ3vgwKFRR1HpjvNBKQ37nbJgYzGqGcg==}
    engines: {node: '>=6'}

  minimatch@9.0.5:
    resolution: {integrity: sha512-G6T0ZX48xgozx7587koeX9Ys2NYy6Gmv//P89sEte9V9whIapMNF4idKxnW2QtCcLiTWlb/wfCabAtAFWhhBow==}
    engines: {node: '>=16 || 14 >=14.17'}

  minipass-collect@2.0.1:
    resolution: {integrity: sha512-D7V8PO9oaz7PWGLbCACuI1qEOsq7UKfLotx/C0Aet43fCUB/wfQ7DYeq2oR/svFJGYDHPr38SHATeaj/ZoKHKw==}
    engines: {node: '>=16 || 14 >=14.17'}

  minipass-fetch@4.0.0:
    resolution: {integrity: sha512-2v6aXUXwLP1Epd/gc32HAMIWoczx+fZwEPRHm/VwtrJzRGwR1qGZXEYV3Zp8ZjjbwaZhMrM6uHV4KVkk+XCc2w==}
    engines: {node: ^18.17.0 || >=20.5.0}

  minipass-flush@1.0.5:
    resolution: {integrity: sha512-JmQSYYpPUqX5Jyn1mXaRwOda1uQ8HP5KAT/oDSLCzt1BYRhQU0/hDtsB1ufZfEEzMZ9aAVmsBw8+FWsIXlClWw==}
    engines: {node: '>= 8'}

  minipass-pipeline@1.2.4:
    resolution: {integrity: sha512-xuIq7cIOt09RPRJ19gdi4b+RiNvDFYe5JH+ggNvBqGqpQXcru3PcRmOZuHBKWK1Txf9+cQ+HMVN4d6z46LZP7A==}
    engines: {node: '>=8'}

  minipass-sized@1.0.3:
    resolution: {integrity: sha512-MbkQQ2CTiBMlA2Dm/5cY+9SWFEN8pzzOXi6rlM5Xxq0Yqbda5ZQy9sU75a673FE9ZK0Zsbr6Y5iP6u9nktfg2g==}
    engines: {node: '>=8'}

  minipass@3.3.6:
    resolution: {integrity: sha512-DxiNidxSEK+tHG6zOIklvNOwm3hvCrbUrdtzY74U6HKTJxvIDfOUL5W5P2Ghd3DTkhhKPYGqeNUIh5qcM4YBfw==}
    engines: {node: '>=8'}

  minipass@7.1.2:
    resolution: {integrity: sha512-qOOzS1cBTWYF4BH8fVePDBOO9iptMnGUEZwNc/cMWnTV2nVLZ7VoNWEPHkYczZA0pdoA7dl6e7FL659nX9S2aw==}
    engines: {node: '>=16 || 14 >=14.17'}

  minizlib@3.0.1:
    resolution: {integrity: sha512-umcy022ILvb5/3Djuu8LWeqUa8D68JaBzlttKeMWen48SjabqS3iY5w/vzeMzMUNhLDifyhbOwKDSznB1vvrwg==}
    engines: {node: '>= 18'}

  mkdirp@3.0.1:
    resolution: {integrity: sha512-+NsyUUAZDmo6YVHzL/stxSu3t9YS1iljliy3BSDrXJ/dkn1KYdmtZODGGjLcc9XLgVVpH4KshHB8XmZgMhaBXg==}
    engines: {node: '>=10'}
    hasBin: true

  ms@2.1.3:
    resolution: {integrity: sha512-6FlzubTLZG3J2a/NVCAleEhjzq5oxgHyaCU9yYXvcLsvoVaHJq/s5xXI6/XXP6tz7R9xAOtHnSO/tXtF3WRTlA==}

  mute-stream@2.0.0:
    resolution: {integrity: sha512-WWdIxpyjEn+FhQJQQv9aQAYlHoNVdzIzUySNV1gHUPDSdZJ3yZn7pAAbQcV7B56Mvu881q9FZV+0Vx2xC44VWA==}
    engines: {node: ^18.17.0 || >=20.5.0}

  nan@2.22.0:
    resolution: {integrity: sha512-nbajikzWTMwsW+eSsNm3QwlOs7het9gGJU5dDZzRTQGk03vyBOauxgI4VakDzE0PtsGTmXPsXTbbjVhRwR5mpw==}

  negotiator@1.0.0:
    resolution: {integrity: sha512-8Ofs/AUQh8MaEcrlq5xOX0CQ9ypTF5dl78mjlMNfOK08fzpgTHQRQPBxcPlEtIw0yRpws+Zo/3r+5WRby7u3Gg==}
    engines: {node: '>= 0.6'}

  nice-try@1.0.5:
    resolution: {integrity: sha512-1nh45deeb5olNY7eX82BkPO7SSxR5SSYJiPTrTdFUVYwAl8CKMA5N9PjTYkHiRjisVcxcQ1HXdLhx2qxxJzLNQ==}

  node-gyp@11.1.0:
    resolution: {integrity: sha512-/+7TuHKnBpnMvUQnsYEb0JOozDZqarQbfNuSGLXIjhStMT0fbw7IdSqWgopOP5xhRZE+lsbIvAHcekddruPZgQ==}
    engines: {node: ^18.17.0 || >=20.5.0}
    hasBin: true

  nopt@8.1.0:
    resolution: {integrity: sha512-ieGu42u/Qsa4TFktmaKEwM6MQH0pOWnaB3htzh0JRtx84+Mebc0cbZYN5bC+6WTZ4+77xrL9Pn5m7CV6VIkV7A==}
    engines: {node: ^18.17.0 || >=20.5.0}
    hasBin: true

  npm-run-path@2.0.2:
    resolution: {integrity: sha512-lJxZYlT4DW/bRUtFh1MQIWqmLwQfAxnqWG4HhEdjMlkrJYnJn0Jrr2u3mgxqaWsdiBc76TYkTG/mhrnYTuzfHw==}
    engines: {node: '>=4'}

  number-is-nan@1.0.1:
    resolution: {integrity: sha512-4jbtZXNAsfZbAHiiqjLPBiCl16dES1zI4Hpzzxw61Tk+loF+sBDBKx1ICKKKwIqQ7M0mFn1TmkN7euSncWgHiQ==}
    engines: {node: '>=0.10.0'}

  once@1.4.0:
    resolution: {integrity: sha512-lNaJgI+2Q5URQBkccEKHTQOPaXdUxnZZElQTZY0MFUAuaEqe1E+Nyvgdz/aIyNi6Z9MzO5dv1H8n58/GELp3+w==}

  os-locale@3.1.0:
    resolution: {integrity: sha512-Z8l3R4wYWM40/52Z+S265okfFj8Kt2cC2MKY+xNi3kFs+XGI7WXu/I309QQQYbRW4ijiZ+yxs9pqEhJh0DqW3Q==}
    engines: {node: '>=6'}

  os-tmpdir@1.0.2:
    resolution: {integrity: sha512-D2FR03Vir7FIu45XBY20mTb+/ZSWB00sjU9jdQXt83gDrI4Ztz5Fs7/yy74g2N5SVQY4xY1qDr4rNddwYRVX0g==}
    engines: {node: '>=0.10.0'}

  p-defer@1.0.0:
    resolution: {integrity: sha512-wB3wfAxZpk2AzOfUMJNL+d36xothRSyj8EXOa4f6GMqYDN9BJaaSISbsk+wS9abmnebVw95C2Kb5t85UmpCxuw==}
    engines: {node: '>=4'}

  p-finally@1.0.0:
    resolution: {integrity: sha512-LICb2p9CB7FS+0eR1oqWnHhp0FljGLZCWBE9aix0Uye9W8LTQPwMTYVGWQWIw9RdQiDg4+epXQODwIYJtSJaow==}
    engines: {node: '>=4'}

  p-is-promise@2.1.0:
    resolution: {integrity: sha512-Y3W0wlRPK8ZMRbNq97l4M5otioeA5lm1z7bkNkxCka8HSPjR0xRWmpCmc9utiaLP9Jb1eD8BgeIxTW4AIF45Pg==}
    engines: {node: '>=6'}

  p-limit@2.3.0:
    resolution: {integrity: sha512-//88mFWSJx8lxCzwdAABTJL2MyWB12+eIY7MDL2SqLmAkeKU9qxRvWuSyTjm3FUmpBEMuFfckAIqEaVGUDxb6w==}
    engines: {node: '>=6'}

  p-locate@3.0.0:
    resolution: {integrity: sha512-x+12w/To+4GFfgJhBEpiDcLozRJGegY+Ei7/z0tSLkMmxGZNybVMSfWj9aJn8Z5Fc7dBUNJOOVgPv2H7IwulSQ==}
    engines: {node: '>=6'}

  p-map@7.0.3:
    resolution: {integrity: sha512-VkndIv2fIB99swvQoA65bm+fsmt6UNdGeIB0oxBs+WhAhdh08QA04JXpI7rbB9r08/nkbysKoya9rtDERYOYMA==}
    engines: {node: '>=18'}

  p-try@2.2.0:
    resolution: {integrity: sha512-R4nPAVTAU0B9D35/Gk3uJf/7XYbQcyohSKdvAxIRSNghFl4e71hVoGnBNQz9cWaXxO2I10KTC+3jMdvvoKw6dQ==}
    engines: {node: '>=6'}

  package-json-from-dist@1.0.1:
    resolution: {integrity: sha512-UEZIS3/by4OC8vL3P2dTXRETpebLI2NiI5vIrjaD/5UtrkFX/tNbwjTSRAGC/+7CAo2pIcBaRgWmcBBHcsaCIw==}

  path-exists@3.0.0:
    resolution: {integrity: sha512-bpC7GYwiDYQ4wYLe+FA8lhRjhQCMcQGuSgGGqDkg/QerRWw9CmGRT0iSOVRSZJ29NMLZgIzqaljJ63oaL4NIJQ==}
    engines: {node: '>=4'}

  path-key@2.0.1:
    resolution: {integrity: sha512-fEHGKCSmUSDPv4uoj8AlD+joPlq3peND+HRYyxFz4KPw4z926S/b8rIuFs2FYJg3BwsxJf6A9/3eIdLaYC+9Dw==}
    engines: {node: '>=4'}

  path-key@3.1.1:
    resolution: {integrity: sha512-ojmeN0qd+y0jszEtoY48r0Peq5dwMEkIlCOu6Q5f41lfkswXuKtYrhgoTpLnyIcHm24Uhqx+5Tqm2InSwLhE6Q==}
    engines: {node: '>=8'}

  path-scurry@1.11.1:
    resolution: {integrity: sha512-Xa4Nw17FS9ApQFJ9umLiJS4orGjm7ZzwUrwamcGQuHSzDyth9boKDaycYdDcZDuqYATXw4HFXgaqWTctW/v1HA==}
    engines: {node: '>=16 || 14 >=14.18'}

  prettier@1.19.1:
    resolution: {integrity: sha512-s7PoyDv/II1ObgQunCbB9PdLmUcBZcnWOcxDh7O0N/UwDEsHyqkW+Qh28jW+mVuCdx7gLB0BotYI1Y6uI9iyew==}
    engines: {node: '>=4'}
    hasBin: true

  proc-log@5.0.0:
    resolution: {integrity: sha512-Azwzvl90HaF0aCz1JrDdXQykFakSSNPaPoiZ9fm5qJIMHioDZEi7OAdRwSm6rSoPtY3Qutnm3L7ogmg3dc+wbQ==}
    engines: {node: ^18.17.0 || >=20.5.0}

  promise-retry@2.0.1:
    resolution: {integrity: sha512-y+WKFlBR8BGXnsNlIHFGPZmyDf3DFMoLhaflAnyZgV6rG6xu+JwesTo2Q9R6XwYmtmwAFCkAk3e35jEdoeh/3g==}
    engines: {node: '>=10'}

  pump@3.0.2:
    resolution: {integrity: sha512-tUPXtzlGM8FE3P0ZL6DVs/3P58k9nk8/jZeQCurTJylQA8qFYzHFfhBJkuqyE0FifOsQ0uKWekiZ5g8wtr28cw==}

  redeyed@2.1.1:
    resolution: {integrity: sha512-FNpGGo1DycYAdnrKFxCMmKYgo/mILAqtRYbkdQD8Ep/Hk2PQ5+aEAEx+IU713RTDmuBaH0c8P5ZozurNu5ObRQ==}

  require-directory@2.1.1:
    resolution: {integrity: sha512-fGxEI7+wsG9xrvdjsrlmL22OMTTiHRwAMroiEeMgq8gzoLC/PQr7RsRDSTLUg/bZAZtF+TVIkHc6/4RIKrui+Q==}
    engines: {node: '>=0.10.0'}

  require-main-filename@1.0.1:
    resolution: {integrity: sha512-IqSUtOVP4ksd1C/ej5zeEh/BIP2ajqpn8c5x+q99gvcIG/Qf0cud5raVnE/Dwd0ua9TXYDoDc0RE5hBSdz22Ug==}

  retry@0.12.0:
    resolution: {integrity: sha512-9LkiTwjUh6rT555DtE9rTX+BKByPfrMzEAtnlEtdEwr3Nkffwiihqe2bWADg+OQRjt9gl6ICdmB/ZFDCGAtSow==}
    engines: {node: '>= 4'}

  rimraf@5.0.10:
    resolution: {integrity: sha512-l0OE8wL34P4nJH/H2ffoaniAokM2qSmrtXHmlpvYr5AVVX8msAyW0l8NVJFDxlSK4u3Uh/f41cQheDVdnYijwQ==}
    hasBin: true

  rxjs@7.8.1:
    resolution: {integrity: sha512-AA3TVj+0A2iuIoQkWEK/tqFjBq2j+6PO6Y0zJcvzLAFhEFIO3HL0vls9hWLncZbAAbK0mar7oZ4V079I/qPMxg==}

  safer-buffer@2.1.2:
    resolution: {integrity: sha512-YZo3K82SD7Riyi0E1EQPojLz7kpepnSQI9IyPbHHg1XXXevb5dJI7tpyN2ADxGcQbHG7vcyRHk0cbwqcQriUtg==}

  sax@1.4.1:
    resolution: {integrity: sha512-+aWOz7yVScEGoKNd4PA10LZ8sk0A/z5+nXQG5giUO5rprX9jgYsTdov9qCchZiPIZezbZH+jRut8nPodFAX4Jg==}

  semver@5.7.2:
    resolution: {integrity: sha512-cBznnQ9KjJqU67B52RMC65CMarK2600WFnbkcaiwWq3xy/5haFJlshgnpjovMVJ+Hff49d8GEn0b87C5pDQ10g==}
    hasBin: true

  semver@7.7.1:
    resolution: {integrity: sha512-hlq8tAfn0m/61p4BVRcPzIGr6LKiMwo4VM6dGi6pt4qcRkmNzTcWq6eCEjEh+qXjkMDvPlOFFSGwQjoEa6gyMA==}
    engines: {node: '>=10'}
    hasBin: true

  set-blocking@2.0.0:
    resolution: {integrity: sha512-KiKBS8AnWGEyLzofFfmvKwpdPzqiy16LvQfK3yv/fVH7Bj13/wl3JSR1J+rfgRE9q7xUJK4qvgS8raSOeLUehw==}

  shebang-command@1.2.0:
    resolution: {integrity: sha512-EV3L1+UQWGor21OmnvojK36mhg+TyIKDh3iFBKBohr5xeXIhNBcx8oWdgkTEEQ+BEFFYdLRuqMfd5L84N1V5Vg==}
    engines: {node: '>=0.10.0'}

  shebang-command@2.0.0:
    resolution: {integrity: sha512-kHxr2zZpYtdmrN1qDjrrX/Z1rR1kG8Dx+gkpK1G4eXmvXswmcE1hTWBWYUzlraYw1/yZp6YuDY77YtvbN0dmDA==}
    engines: {node: '>=8'}

  shebang-regex@1.0.0:
    resolution: {integrity: sha512-wpoSFAxys6b2a2wHZ1XpDSgD7N9iVjg29Ph9uV/uaP9Ex/KXlkTZTeddxDPSYQpgvzKLGJke2UU0AzoGCjNIvQ==}
    engines: {node: '>=0.10.0'}

  shebang-regex@3.0.0:
    resolution: {integrity: sha512-7++dFhtcx3353uBaq8DDR4NuxBetBzC7ZQOhmTQInHEd6bSrXdiEyzCvG07Z44UYdLShWUyXt5M/yhz8ekcb1A==}
    engines: {node: '>=8'}

  signal-exit@3.0.7:
    resolution: {integrity: sha512-wnD2ZE+l+SPC/uoS0vXeE9L1+0wuaMqKlfz9AMUo38JsyLSBWSFcHR1Rri62LZc12vLr1gb3jl7iwQhgwpAbGQ==}

  signal-exit@4.1.0:
    resolution: {integrity: sha512-bzyZ1e88w9O1iNJbKnOlvYTrWPDl46O1bG0D3XInv+9tkPrxrN8jUUTiFlDkkmKWgn1M6CfIA13SuGqOa9Korw==}
    engines: {node: '>=14'}

  smart-buffer@4.2.0:
    resolution: {integrity: sha512-94hK0Hh8rPqQl2xXc3HsaBoOXKV20MToPkcXvwbISWLEs+64sBq5kFgn2kJDHb1Pry9yrP0dxrCI9RRci7RXKg==}
    engines: {node: '>= 6.0.0', npm: '>= 3.0.0'}

  socketcan@4.0.5:
    resolution: {integrity: sha512-rZTGoWMphro6b8ergJDKH2A6YaoQkkgJZ0ElRTMU45TFpS9A8fhhlmtt9muFyBFhR4N0n0nbcqG4Ckvn5tZW3Q==}
    os: [linux]

  socks-proxy-agent@8.0.5:
    resolution: {integrity: sha512-HehCEsotFqbPW9sJ8WVYB6UbmIMv7kUUORIF2Nncq4VQvBfNBLibW9YZR5dlYCSUhwcD628pRllm7n+E+YTzJw==}
    engines: {node: '>= 14'}

  socks@2.8.4:
    resolution: {integrity: sha512-D3YaD0aRxR3mEcqnidIs7ReYJFVzWdd6fXJYUM8ixcQcJRGTka/b3saV0KflYhyVJXKhb947GndU35SxYNResQ==}
    engines: {node: '>= 10.0.0', npm: '>= 3.0.0'}

  sprintf-js@1.1.3:
    resolution: {integrity: sha512-Oo+0REFV59/rz3gfJNKQiBlwfHaSESl1pcGyABQsnnIfWOFt6JNj5gCog2U6MLZ//IGYD+nA8nI+mTShREReaA==}

  ssri@12.0.0:
    resolution: {integrity: sha512-S7iGNosepx9RadX82oimUkvr0Ct7IjJbEbs4mJcTxst8um95J3sDYU1RBEOvdu6oL1Wek2ODI5i4MAw+dZ6cAQ==}
    engines: {node: ^18.17.0 || >=20.5.0}

  string-width@1.0.2:
    resolution: {integrity: sha512-0XsVpQLnVCXHJfyEs8tC0zpTVIr5PKKsQtkT29IwupnPTjtPmQ3xT/4yCREF9hYkV/3M3kzcUTSAZT6a6h81tw==}
    engines: {node: '>=0.10.0'}

  string-width@2.1.1:
    resolution: {integrity: sha512-nOqH59deCq9SRHlxq1Aw85Jnt4w6KvLKqWVik6oA9ZklXLNIOlqg4F2yrT1MVaTjAqvVwdfeZ7w7aCvJD7ugkw==}
    engines: {node: '>=4'}

  string-width@4.2.3:
    resolution: {integrity: sha512-wKyQRQpjJ0sIp62ErSZdGsjMJWsap5oRNihHhu6G7JVO/9jIB6UyevL+tXuOqrng8j/cxKTWyWUwvSTriiZz/g==}
    engines: {node: '>=8'}

  string-width@5.1.2:
    resolution: {integrity: sha512-HnLOCR3vjcY8beoNLtcjZ5/nxn2afmME6lhrDrebokqMap+XbeW8n9TXpPDOqdGK5qcI3oT0GKTW6wC7EMiVqA==}
    engines: {node: '>=12'}

  strip-ansi@3.0.1:
    resolution: {integrity: sha512-VhumSSbBqDTP8p2ZLKj40UjBCV4+v8bUSEpUb4KjRgWk9pbqGF4REFj6KEagidb2f/M6AzC0EmFyDNGaw9OCzg==}
    engines: {node: '>=0.10.0'}

  strip-ansi@4.0.0:
    resolution: {integrity: sha512-4XaJ2zQdCzROZDivEVIDPkcQn8LMFSa8kj8Gxb/Lnwzv9A8VctNZ+lfivC/sV3ivW8ElJTERXZoPBRrZKkNKow==}
    engines: {node: '>=4'}

  strip-ansi@6.0.1:
    resolution: {integrity: sha512-Y38VPSHcqkFrCpFnQ9vuSXmquuv5oXOKpGeT6aGrr3o3Gc9AlVa6JBfUSOCnbxGGZF+/0ooI7KrPuUSztUdU5A==}
    engines: {node: '>=8'}

  strip-ansi@7.1.0:
    resolution: {integrity: sha512-iq6eVVI64nQQTRYq2KtEg2d2uU7LElhTJwsH4YzIHZshxlgZms/wIc4VoDQTlG/IvVIrBKG06CrZnp0qv7hkcQ==}
    engines: {node: '>=12'}

  strip-eof@1.0.0:
    resolution: {integrity: sha512-7FCwGGmx8mD5xQd3RPUvnSpUXHM3BWuzjtpD4TXsfcZ9EL4azvVVUscFYwD9nx8Kh+uCBC00XBtAykoMHwTh8Q==}
    engines: {node: '>=0.10.0'}

  tar@7.4.3:
    resolution: {integrity: sha512-5S7Va8hKfV7W5U6g3aYxXmlPoZVAwUMy9AOKyF2fVuZa2UD3qZjg578OrLRt8PcNN1PleVaL/5/yYATNL0ICUw==}
    engines: {node: '>=18'}

  tmp@0.0.33:
    resolution: {integrity: sha512-jRCJlojKnZ3addtTOjdIqoRuPEKBvNXcGYqzO6zWZX8KfKEpnGY5jfggJQ3EjKuu8D4bJRr0y+cYJFmYbImXGw==}
    engines: {node: '>=0.6.0'}

  ts-creator@1.2.5:
    resolution: {integrity: sha512-wulxvYb4tB18tme/aag6tfTT5ZWCjSBOCSKJncYDrxzuRJEu/kMPv4Fw5oibXxn2m1OebvPQWkjb0u2aCQzZnA==}
    hasBin: true

  tslib@2.8.1:
    resolution: {integrity: sha512-oJFu94HQb+KVduSUQL7wnpmqnfmLsOA/nAh6b6EH0wCEoK0/mPeXU6c3wKDV83MkOuHPRHtSXKKU99IBazS/2w==}

  type-fest@0.21.3:
    resolution: {integrity: sha512-t0rzBq87m3fVcduHDUFhKmyyX+9eo6WQjZvf51Ea/M0Q7+T374Jp1aUiyUl0GKxp8M/OETVHSDvmkyPgvX+X2w==}
    engines: {node: '>=10'}

  typescript@3.9.10:
    resolution: {integrity: sha512-w6fIxVE/H1PkLKcCPsFqKE7Kv7QUwhU8qQY2MueZXWx5cPZdwFupLgKK3vntcK98BtNHZtAF4LA/yl2a7k8R6Q==}
    engines: {node: '>=4.2.0'}
    hasBin: true

  typescript@5.7.3:
    resolution: {integrity: sha512-84MVSjMEHP+FQRPy3pX9sTVV/INIex71s9TL2Gm5FG/WG1SqXeKyZ0k7/blY/4FdOzI12CBy1vGc4og/eus0fw==}
    engines: {node: '>=14.17'}
    hasBin: true

  undici-types@6.20.0:
    resolution: {integrity: sha512-Ny6QZ2Nju20vw1SRHe3d9jVu6gJ+4e3+MMpqu7pqE5HT6WsTSlce++GQmK5UXS8mzV8DSYHrQH+Xrf2jVcuKNg==}

  unique-filename@4.0.0:
    resolution: {integrity: sha512-XSnEewXmQ+veP7xX2dS5Q4yZAvO40cBN2MWkJ7D/6sW4Dg6wYBNwM1Vrnz1FhH5AdeLIlUXRI9e28z1YZi71NQ==}
    engines: {node: ^18.17.0 || >=20.5.0}

  unique-slug@5.0.0:
    resolution: {integrity: sha512-9OdaqO5kwqR+1kVgHAhsp5vPNU0hnxRa26rBFNfNgM7M6pNtgzeBn3s/xbyCQL3dcjzOatcef6UUHpB/6MaETg==}
    engines: {node: ^18.17.0 || >=20.5.0}

  which-module@2.0.1:
    resolution: {integrity: sha512-iBdZ57RDvnOR9AGBhML2vFZf7h8vmBjhoaZqODJBFWHVtKkDmKuHai3cx5PgVMrX5YDNp27AofYbAwctSS+vhQ==}

  which@1.3.1:
    resolution: {integrity: sha512-HxJdYWq1MTIQbJ3nw0cqssHoTNU267KlrDuGZ1WYlxDStUtKUhOaJmh112/TZmHxxUfuJqPXSOm7tDyas0OSIQ==}
    hasBin: true

  which@2.0.2:
    resolution: {integrity: sha512-BLI3Tl1TW3Pvl70l3yq3Y64i+awpwXqsGBYWkkqMtnbXgrMD+yj7rhW0kuEDxzJaYXGjEW5ogapKNMEKNMjibA==}
    engines: {node: '>= 8'}
    hasBin: true

  which@5.0.0:
    resolution: {integrity: sha512-JEdGzHwwkrbWoGOlIHqQ5gtprKGOenpDHpxE9zVR1bWbOtYRyPPHMe9FaP6x61CmNaTThSkb0DAJte5jD+DmzQ==}
    engines: {node: ^18.17.0 || >=20.5.0}
    hasBin: true

  wrap-ansi@2.1.0:
    resolution: {integrity: sha512-vAaEaDM946gbNpH5pLVNR+vX2ht6n0Bt3GXwVB1AuAqZosOvHNF3P7wDnh8KLkSqgUh0uh77le7Owgoz+Z9XBw==}
    engines: {node: '>=0.10.0'}

  wrap-ansi@6.2.0:
    resolution: {integrity: sha512-r6lPcBGxZXlIcymEu7InxDMhdW0KDxpLgoFLcguasxCaJ/SOIZwINatK9KY/tf+ZrlywOKU0UDj3ATXUBfxJXA==}
    engines: {node: '>=8'}

  wrap-ansi@7.0.0:
    resolution: {integrity: sha512-YVGIj2kamLSTxw6NsZjoBxfSwsn0ycdesmc4p+Q21c5zPuZ1pl+NfxVdxPtdHvmNVOQ6XSYG4AUtyt/Fi7D16Q==}
    engines: {node: '>=10'}

  wrap-ansi@8.1.0:
    resolution: {integrity: sha512-si7QWI6zUMq56bESFvagtmzMdGOtoxfR+Sez11Mobfc7tm+VkUckk9bW2UeffTGVUbOksxmSw0AA2gs8g71NCQ==}
    engines: {node: '>=12'}

  wrappy@1.0.2:
    resolution: {integrity: sha512-l4Sp/DRseor9wL6EvV2+TuQn63dMkPjZ/sp9XkghTEbV9KlPS1xUsZ3u7/IQO4wxtcFB4bgpQPRcR3QCvezPcQ==}

  xml2js@0.6.2:
    resolution: {integrity: sha512-T4rieHaC1EXcES0Kxxj4JWgaUQHDk+qwHcYOCFHfiwKz7tOVPLq7Hjq9dM1WCMhylqMEfP7hMcOIChvotiZegA==}
    engines: {node: '>=4.0.0'}

  xmlbuilder@11.0.1:
    resolution: {integrity: sha512-fDlsI/kFEx7gLvbecc0/ohLG50fugQp8ryHzMTuW9vSa1GJ0XYWKnhsUx7oie3G98+r56aTQIUB4kht42R3JvA==}
    engines: {node: '>=4.0'}

  y18n@4.0.3:
    resolution: {integrity: sha512-JKhqTOwSrqNA1NY5lSztJ1GrBiUodLMmIZuLiDaMRJ+itFd+ABVE8XBjOvIWL+rSqNDC74LCSFmlb/U4UZ4hJQ==}

  yallist@4.0.0:
    resolution: {integrity: sha512-3wdGidZyq5PB084XLES5TpOSRA3wjXAlIWMhum2kRcv/41Sn2emQ0dycQW4uZXLejwKvg6EsvbdlVL+FYEct7A==}

  yallist@5.0.0:
    resolution: {integrity: sha512-YgvUTfwqyc7UXVMrB+SImsVYSmTS8X/tSrtdNZMImM+n7+QTriRXyXim0mBrTXNeqzVF0KWGgHPeiyViFFrNDw==}
    engines: {node: '>=18'}

  yargs-parser@11.1.1:
    resolution: {integrity: sha512-C6kB/WJDiaxONLJQnF8ccx9SEeoTTLek8RVbaOIsrAUS8VrBEXfmeSnCZxygc+XC2sNMBIwOOnfcxiynjHsVSQ==}

  yargs@12.0.5:
    resolution: {integrity: sha512-Lhz8TLaYnxq/2ObqHDql8dX8CJi97oHxrjUcYtzKbbykPtVW9WB+poxI+NM2UIzsMgNCZTIf0AQwsjK5yMAqZw==}

  yoctocolors-cjs@2.1.2:
    resolution: {integrity: sha512-cYVsTjKl8b+FrnidjibDWskAv7UKOfcwaVZdp/it9n1s9fU3IkgDbhdIRKCW4JDsAlECJY0ytoVPT3sK6kideA==}
    engines: {node: '>=18'}

snapshots:

  '@inquirer/checkbox@4.1.2(@types/node@22.13.4)':
    dependencies:
      '@inquirer/core': 10.1.7(@types/node@22.13.4)
      '@inquirer/figures': 1.0.10
      '@inquirer/type': 3.0.4(@types/node@22.13.4)
      ansi-escapes: 4.3.2
      yoctocolors-cjs: 2.1.2
    optionalDependencies:
      '@types/node': 22.13.4

  '@inquirer/confirm@5.1.6(@types/node@22.13.4)':
    dependencies:
      '@inquirer/core': 10.1.7(@types/node@22.13.4)
      '@inquirer/type': 3.0.4(@types/node@22.13.4)
    optionalDependencies:
      '@types/node': 22.13.4

  '@inquirer/core@10.1.7(@types/node@22.13.4)':
    dependencies:
      '@inquirer/figures': 1.0.10
      '@inquirer/type': 3.0.4(@types/node@22.13.4)
      ansi-escapes: 4.3.2
      cli-width: 4.1.0
      mute-stream: 2.0.0
      signal-exit: 4.1.0
      wrap-ansi: 6.2.0
      yoctocolors-cjs: 2.1.2
    optionalDependencies:
      '@types/node': 22.13.4

  '@inquirer/editor@4.2.7(@types/node@22.13.4)':
    dependencies:
      '@inquirer/core': 10.1.7(@types/node@22.13.4)
      '@inquirer/type': 3.0.4(@types/node@22.13.4)
      external-editor: 3.1.0
    optionalDependencies:
      '@types/node': 22.13.4

  '@inquirer/expand@4.0.9(@types/node@22.13.4)':
    dependencies:
      '@inquirer/core': 10.1.7(@types/node@22.13.4)
      '@inquirer/type': 3.0.4(@types/node@22.13.4)
      yoctocolors-cjs: 2.1.2
    optionalDependencies:
      '@types/node': 22.13.4

  '@inquirer/figures@1.0.10': {}

  '@inquirer/input@4.1.6(@types/node@22.13.4)':
    dependencies:
      '@inquirer/core': 10.1.7(@types/node@22.13.4)
      '@inquirer/type': 3.0.4(@types/node@22.13.4)
    optionalDependencies:
      '@types/node': 22.13.4

  '@inquirer/number@3.0.9(@types/node@22.13.4)':
    dependencies:
      '@inquirer/core': 10.1.7(@types/node@22.13.4)
      '@inquirer/type': 3.0.4(@types/node@22.13.4)
    optionalDependencies:
      '@types/node': 22.13.4

  '@inquirer/password@4.0.9(@types/node@22.13.4)':
    dependencies:
      '@inquirer/core': 10.1.7(@types/node@22.13.4)
      '@inquirer/type': 3.0.4(@types/node@22.13.4)
      ansi-escapes: 4.3.2
    optionalDependencies:
      '@types/node': 22.13.4

  '@inquirer/prompts@7.3.2(@types/node@22.13.4)':
    dependencies:
      '@inquirer/checkbox': 4.1.2(@types/node@22.13.4)
      '@inquirer/confirm': 5.1.6(@types/node@22.13.4)
      '@inquirer/editor': 4.2.7(@types/node@22.13.4)
      '@inquirer/expand': 4.0.9(@types/node@22.13.4)
      '@inquirer/input': 4.1.6(@types/node@22.13.4)
      '@inquirer/number': 3.0.9(@types/node@22.13.4)
      '@inquirer/password': 4.0.9(@types/node@22.13.4)
      '@inquirer/rawlist': 4.0.9(@types/node@22.13.4)
      '@inquirer/search': 3.0.9(@types/node@22.13.4)
      '@inquirer/select': 4.0.9(@types/node@22.13.4)
    optionalDependencies:
      '@types/node': 22.13.4

  '@inquirer/rawlist@4.0.9(@types/node@22.13.4)':
    dependencies:
      '@inquirer/core': 10.1.7(@types/node@22.13.4)
      '@inquirer/type': 3.0.4(@types/node@22.13.4)
      yoctocolors-cjs: 2.1.2
    optionalDependencies:
      '@types/node': 22.13.4

  '@inquirer/search@3.0.9(@types/node@22.13.4)':
    dependencies:
      '@inquirer/core': 10.1.7(@types/node@22.13.4)
      '@inquirer/figures': 1.0.10
      '@inquirer/type': 3.0.4(@types/node@22.13.4)
      yoctocolors-cjs: 2.1.2
    optionalDependencies:
      '@types/node': 22.13.4

  '@inquirer/select@4.0.9(@types/node@22.13.4)':
    dependencies:
      '@inquirer/core': 10.1.7(@types/node@22.13.4)
      '@inquirer/figures': 1.0.10
      '@inquirer/type': 3.0.4(@types/node@22.13.4)
      ansi-escapes: 4.3.2
      yoctocolors-cjs: 2.1.2
    optionalDependencies:
      '@types/node': 22.13.4

  '@inquirer/type@3.0.4(@types/node@22.13.4)':
    optionalDependencies:
      '@types/node': 22.13.4

  '@isaacs/cliui@8.0.2':
    dependencies:
      string-width: 5.1.2
      string-width-cjs: string-width@4.2.3
      strip-ansi: 7.1.0
      strip-ansi-cjs: strip-ansi@6.0.1
      wrap-ansi: 8.1.0
      wrap-ansi-cjs: wrap-ansi@7.0.0

  '@isaacs/fs-minipass@4.0.1':
    dependencies:
      minipass: 7.1.2

  '@npmcli/agent@3.0.0':
    dependencies:
      agent-base: 7.1.3
      http-proxy-agent: 7.0.2
      https-proxy-agent: 7.0.6
      lru-cache: 10.4.3
      socks-proxy-agent: 8.0.5
    transitivePeerDependencies:
      - supports-color

  '@npmcli/fs@4.0.0':
    dependencies:
      semver: 7.7.1

  '@pkgjs/parseargs@0.11.0':
    optional: true

  '@types/node@22.13.4':
    dependencies:
      undici-types: 6.20.0

  abbrev@3.0.0: {}

  agent-base@7.1.3: {}

  ansi-escapes@4.3.2:
    dependencies:
      type-fest: 0.21.3

  ansi-regex@2.1.1: {}

  ansi-regex@3.0.1: {}

  ansi-regex@5.0.1: {}

  ansi-regex@6.1.0: {}

  ansi-styles@4.3.0:
    dependencies:
      color-convert: 2.0.1

  ansi-styles@6.2.1: {}

  ansicolors@0.3.2: {}

  balanced-match@1.0.2: {}

  bit-buffer@0.2.5: {}

  brace-expansion@2.0.1:
    dependencies:
      balanced-match: 1.0.2

  cacache@19.0.1:
    dependencies:
      '@npmcli/fs': 4.0.0
      fs-minipass: 3.0.3
      glob: 10.4.5
      lru-cache: 10.4.3
      minipass: 7.1.2
      minipass-collect: 2.0.1
      minipass-flush: 1.0.5
      minipass-pipeline: 1.2.4
      p-map: 7.0.3
      ssri: 12.0.0
      tar: 7.4.3
      unique-filename: 4.0.0

  camelcase@5.3.1: {}

  cardinal@2.1.1:
    dependencies:
      ansicolors: 0.3.2
      redeyed: 2.1.1

  chardet@0.7.0: {}

  chownr@3.0.0: {}

  cli-width@4.1.0: {}

  cliui@4.1.0:
    dependencies:
      string-width: 2.1.1
      strip-ansi: 4.0.0
      wrap-ansi: 2.1.0

  code-point-at@1.1.0: {}

  color-convert@2.0.1:
    dependencies:
      color-name: 1.1.4

  color-name@1.1.4: {}

  cross-spawn@6.0.6:
    dependencies:
      nice-try: 1.0.5
      path-key: 2.0.1
      semver: 5.7.2
      shebang-command: 1.2.0
      which: 1.3.1

  cross-spawn@7.0.6:
    dependencies:
      path-key: 3.1.1
      shebang-command: 2.0.0
      which: 2.0.2

  debug@4.4.0:
    dependencies:
      ms: 2.1.3

  decamelize@1.2.0: {}

  eastasianwidth@0.2.0: {}

  emoji-regex@8.0.0: {}

  emoji-regex@9.2.2: {}

  encoding@0.1.13:
    dependencies:
      iconv-lite: 0.6.3
    optional: true

  end-of-stream@1.4.4:
    dependencies:
      once: 1.4.0

  env-paths@2.2.1: {}

  err-code@2.0.3: {}

  esprima@4.0.1: {}

  execa@1.0.0:
    dependencies:
      cross-spawn: 6.0.6
      get-stream: 4.1.0
      is-stream: 1.1.0
      npm-run-path: 2.0.2
      p-finally: 1.0.0
      signal-exit: 3.0.7
      strip-eof: 1.0.0

  exponential-backoff@3.1.2: {}

  external-editor@3.1.0:
    dependencies:
      chardet: 0.7.0
      iconv-lite: 0.4.24
      tmp: 0.0.33

  find-up@3.0.0:
    dependencies:
      locate-path: 3.0.0

  foreground-child@3.3.0:
    dependencies:
      cross-spawn: 7.0.6
      signal-exit: 4.1.0

  fs-minipass@3.0.3:
    dependencies:
      minipass: 7.1.2

  get-caller-file@1.0.3: {}

  get-stdin@6.0.0: {}

  get-stream@4.1.0:
    dependencies:
      pump: 3.0.2

  glob@10.4.5:
    dependencies:
      foreground-child: 3.3.0
      jackspeak: 3.4.3
      minimatch: 9.0.5
      minipass: 7.1.2
      package-json-from-dist: 1.0.1
      path-scurry: 1.11.1

  graceful-fs@4.2.11: {}

  http-cache-semantics@4.1.1: {}

  http-proxy-agent@7.0.2:
    dependencies:
      agent-base: 7.1.3
      debug: 4.4.0
    transitivePeerDependencies:
      - supports-color

  https-proxy-agent@7.0.6:
    dependencies:
      agent-base: 7.1.3
      debug: 4.4.0
    transitivePeerDependencies:
      - supports-color

  iconv-lite@0.4.24:
    dependencies:
      safer-buffer: 2.1.2

  iconv-lite@0.6.3:
    dependencies:
      safer-buffer: 2.1.2
    optional: true

  imurmurhash@0.1.4: {}

  invert-kv@2.0.0: {}

  ip-address@9.0.5:
    dependencies:
      jsbn: 1.1.0
      sprintf-js: 1.1.3

  is-fullwidth-code-point@1.0.0:
    dependencies:
      number-is-nan: 1.0.1

  is-fullwidth-code-point@2.0.0: {}

  is-fullwidth-code-point@3.0.0: {}

  is-stream@1.1.0: {}

  isexe@2.0.0: {}

  isexe@3.1.1: {}

  jackspeak@3.4.3:
    dependencies:
      '@isaacs/cliui': 8.0.2
    optionalDependencies:
      '@pkgjs/parseargs': 0.11.0

  jsbn@1.1.0: {}

  lcid@2.0.0:
    dependencies:
      invert-kv: 2.0.0

  locate-path@3.0.0:
    dependencies:
      p-locate: 3.0.0
      path-exists: 3.0.0

  lru-cache@10.4.3: {}

  make-fetch-happen@14.0.3:
    dependencies:
      '@npmcli/agent': 3.0.0
      cacache: 19.0.1
      http-cache-semantics: 4.1.1
      minipass: 7.1.2
      minipass-fetch: 4.0.0
      minipass-flush: 1.0.5
      minipass-pipeline: 1.2.4
      negotiator: 1.0.0
      proc-log: 5.0.0
      promise-retry: 2.0.1
      ssri: 12.0.0
    transitivePeerDependencies:
      - supports-color

  map-age-cleaner@0.1.3:
    dependencies:
      p-defer: 1.0.0

  mem@4.3.0:
    dependencies:
      map-age-cleaner: 0.1.3
      mimic-fn: 2.1.0
      p-is-promise: 2.1.0

  mimic-fn@2.1.0: {}

  minimatch@9.0.5:
    dependencies:
      brace-expansion: 2.0.1

  minipass-collect@2.0.1:
    dependencies:
      minipass: 7.1.2

  minipass-fetch@4.0.0:
    dependencies:
      minipass: 7.1.2
      minipass-sized: 1.0.3
      minizlib: 3.0.1
    optionalDependencies:
      encoding: 0.1.13

  minipass-flush@1.0.5:
    dependencies:
      minipass: 3.3.6

  minipass-pipeline@1.2.4:
    dependencies:
      minipass: 3.3.6

  minipass-sized@1.0.3:
    dependencies:
      minipass: 3.3.6

  minipass@3.3.6:
    dependencies:
      yallist: 4.0.0

  minipass@7.1.2: {}

  minizlib@3.0.1:
    dependencies:
      minipass: 7.1.2
      rimraf: 5.0.10

  mkdirp@3.0.1: {}

  ms@2.1.3: {}

  mute-stream@2.0.0: {}

  nan@2.22.0: {}

  negotiator@1.0.0: {}

  nice-try@1.0.5: {}

  node-gyp@11.1.0:
    dependencies:
      env-paths: 2.2.1
      exponential-backoff: 3.1.2
      glob: 10.4.5
      graceful-fs: 4.2.11
      make-fetch-happen: 14.0.3
      nopt: 8.1.0
      proc-log: 5.0.0
      semver: 7.7.1
      tar: 7.4.3
      which: 5.0.0
    transitivePeerDependencies:
      - supports-color

  nopt@8.1.0:
    dependencies:
      abbrev: 3.0.0

  npm-run-path@2.0.2:
    dependencies:
      path-key: 2.0.1

  number-is-nan@1.0.1: {}

  once@1.4.0:
    dependencies:
      wrappy: 1.0.2

  os-locale@3.1.0:
    dependencies:
      execa: 1.0.0
      lcid: 2.0.0
      mem: 4.3.0

  os-tmpdir@1.0.2: {}

  p-defer@1.0.0: {}

  p-finally@1.0.0: {}

  p-is-promise@2.1.0: {}

  p-limit@2.3.0:
    dependencies:
      p-try: 2.2.0

  p-locate@3.0.0:
    dependencies:
      p-limit: 2.3.0

  p-map@7.0.3: {}

  p-try@2.2.0: {}

  package-json-from-dist@1.0.1: {}

  path-exists@3.0.0: {}

  path-key@2.0.1: {}

  path-key@3.1.1: {}

  path-scurry@1.11.1:
    dependencies:
      lru-cache: 10.4.3
      minipass: 7.1.2

  prettier@1.19.1: {}

  proc-log@5.0.0: {}

  promise-retry@2.0.1:
    dependencies:
      err-code: 2.0.3
      retry: 0.12.0

  pump@3.0.2:
    dependencies:
      end-of-stream: 1.4.4
      once: 1.4.0

  redeyed@2.1.1:
    dependencies:
      esprima: 4.0.1

  require-directory@2.1.1: {}

  require-main-filename@1.0.1: {}

  retry@0.12.0: {}

  rimraf@5.0.10:
    dependencies:
      glob: 10.4.5

  rxjs@7.8.1:
    dependencies:
      tslib: 2.8.1

  safer-buffer@2.1.2: {}

  sax@1.4.1: {}

  semver@5.7.2: {}

  semver@7.7.1: {}

  set-blocking@2.0.0: {}

  shebang-command@1.2.0:
    dependencies:
      shebang-regex: 1.0.0

  shebang-command@2.0.0:
    dependencies:
      shebang-regex: 3.0.0

  shebang-regex@1.0.0: {}

  shebang-regex@3.0.0: {}

  signal-exit@3.0.7: {}

  signal-exit@4.1.0: {}

  smart-buffer@4.2.0: {}

  socketcan@4.0.5:
    dependencies:
      nan: 2.22.0
      node-gyp: 11.1.0
      xml2js: 0.6.2
    transitivePeerDependencies:
      - supports-color

  socks-proxy-agent@8.0.5:
    dependencies:
      agent-base: 7.1.3
      debug: 4.4.0
      socks: 2.8.4
    transitivePeerDependencies:
      - supports-color

  socks@2.8.4:
    dependencies:
      ip-address: 9.0.5
      smart-buffer: 4.2.0

  sprintf-js@1.1.3: {}

  ssri@12.0.0:
    dependencies:
      minipass: 7.1.2

  string-width@1.0.2:
    dependencies:
      code-point-at: 1.1.0
      is-fullwidth-code-point: 1.0.0
      strip-ansi: 3.0.1

  string-width@2.1.1:
    dependencies:
      is-fullwidth-code-point: 2.0.0
      strip-ansi: 4.0.0

  string-width@4.2.3:
    dependencies:
      emoji-regex: 8.0.0
      is-fullwidth-code-point: 3.0.0
      strip-ansi: 6.0.1

  string-width@5.1.2:
    dependencies:
      eastasianwidth: 0.2.0
      emoji-regex: 9.2.2
      strip-ansi: 7.1.0

  strip-ansi@3.0.1:
    dependencies:
      ansi-regex: 2.1.1

  strip-ansi@4.0.0:
    dependencies:
      ansi-regex: 3.0.1

  strip-ansi@6.0.1:
    dependencies:
      ansi-regex: 5.0.1

  strip-ansi@7.1.0:
    dependencies:
      ansi-regex: 6.1.0

  strip-eof@1.0.0: {}

  tar@7.4.3:
    dependencies:
      '@isaacs/fs-minipass': 4.0.1
      chownr: 3.0.0
      minipass: 7.1.2
      minizlib: 3.0.1
      mkdirp: 3.0.1
      yallist: 5.0.0

  tmp@0.0.33:
    dependencies:
      os-tmpdir: 1.0.2

  ts-creator@1.2.5:
    dependencies:
      cardinal: 2.1.1
      get-stdin: 6.0.0
      prettier: 1.19.1
      typescript: 3.9.10
      yargs: 12.0.5

  tslib@2.8.1: {}

  type-fest@0.21.3: {}

  typescript@3.9.10: {}

  typescript@5.7.3: {}

  undici-types@6.20.0: {}

  unique-filename@4.0.0:
    dependencies:
      unique-slug: 5.0.0

  unique-slug@5.0.0:
    dependencies:
      imurmurhash: 0.1.4

  which-module@2.0.1: {}

  which@1.3.1:
    dependencies:
      isexe: 2.0.0

  which@2.0.2:
    dependencies:
      isexe: 2.0.0

  which@5.0.0:
    dependencies:
      isexe: 3.1.1

  wrap-ansi@2.1.0:
    dependencies:
      string-width: 1.0.2
      strip-ansi: 3.0.1

  wrap-ansi@6.2.0:
    dependencies:
      ansi-styles: 4.3.0
      string-width: 4.2.3
      strip-ansi: 6.0.1

  wrap-ansi@7.0.0:
    dependencies:
      ansi-styles: 4.3.0
      string-width: 4.2.3
      strip-ansi: 6.0.1

  wrap-ansi@8.1.0:
    dependencies:
      ansi-styles: 6.2.1
      string-width: 5.1.2
      strip-ansi: 7.1.0

  wrappy@1.0.2: {}

  xml2js@0.6.2:
    dependencies:
      sax: 1.4.1
      xmlbuilder: 11.0.1

  xmlbuilder@11.0.1: {}

  y18n@4.0.3: {}

  yallist@4.0.0: {}

  yallist@5.0.0: {}

  yargs-parser@11.1.1:
    dependencies:
      camelcase: 5.3.1
      decamelize: 1.2.0

  yargs@12.0.5:
    dependencies:
      cliui: 4.1.0
      decamelize: 1.2.0
      find-up: 3.0.0
      get-caller-file: 1.0.3
      os-locale: 3.1.0
      require-directory: 2.1.1
      require-main-filename: 1.0.1
      set-blocking: 2.0.0
      string-width: 2.1.1
      which-module: 2.0.1
      y18n: 4.0.3
      yargs-parser: 11.1.1

  yoctocolors-cjs@2.1.2: {}
